
Microsoft Visual Studio Solution File, Format Version 12.00
# Visual Studio Version 16
VisualStudioVersion = 16.0.30907.101
MinimumVisualStudioVersion = 10.0.40219.1
Project("{FAE04EC0-301F-11D3-BF4B-00C04F79EFBC}") = "Entities", "Entities\Entities.csproj", "{C6E326B7-C7FF-4368-9AC6-673CCCDFCD9D}"
EndProject
Project("{FAE04EC0-301F-11D3-BF4B-00C04F79EFBC}") = "DataAccess", "DataAccess\DataAccess.csproj", "{DC005BBE-F773-4D33-A370-5922ACDC1E08}"
EndProject
Project("{FAE04EC0-301F-11D3-BF4B-00C04F79EFBC}") = "Business", "Business\Business.csproj", "{60D84E2D-8DFE-4C1F-8239-EEF0C9D0BD25}"
EndProject
Project("{FAE04EC0-301F-11D3-BF4B-00C04F79EFBC}") = "ConsoleApp", "ConsoleApp\ConsoleApp.csproj", "{36396EA7-E70F-4BC1-89A4-12B626344ACC}"
EndProject
Global
	GlobalSection(SolutionConfigurationPlatforms) = preSolution
		Debug|Any CPU = Debug|Any CPU
		Release|Any CPU = Release|Any CPU
	EndGlobalSection
	GlobalSection(ProjectConfigurationPlatforms) = postSolution
		{C6E326B7-C7FF-4368-9AC6-673CCCDFCD9D}.Debug|Any CPU.ActiveCfg = Debug|Any CPU
		{C6E326B7-C7FF-4368-9AC6-673CCCDFCD9D}.Debug|Any CPU.Build.0 = Debug|Any CPU
		{C6E326B7-C7FF-4368-9AC6-673CCCDFCD9D}.Release|Any CPU.ActiveCfg = Release|Any CPU
		{C6E326B7-C7FF-4368-9AC6-673CCCDFCD9D}.Release|Any CPU.Build.0 = Release|Any CPU
		{DC005BBE-F773-4D33-A370-5922ACDC1E08}.Debug|Any CPU.ActiveCfg = Debug|Any CPU
		{DC005BBE-F773-4D33-A370-5922ACDC1E08}.Debug|Any CPU.Build.0 = Debug|Any CPU
		{DC005BBE-F773-4D33-A370-5922ACDC1E08}.Release|Any CPU.ActiveCfg = Release|Any CPU
		{DC005BBE-F773-4D33-A370-5922ACDC1E08}.Release|Any CPU.Build.0 = Release|Any CPU
		{60D84E2D-8DFE-4C1F-8239-EEF0C9D0BD25}.Debug|Any CPU.ActiveCfg = Debug|Any CPU
		{60D84E2D-8DFE-4C1F-8239-EEF0C9D0BD25}.Debug|Any CPU.Build.0 = Debug|Any CPU
		{60D84E2D-8DFE-4C1F-8239-EEF0C9D0BD25}.Release|Any CPU.ActiveCfg = Release|Any CPU
		{60D84E2D-8DFE-4C1F-8239-EEF0C9D0BD25}.Release|Any CPU.Build.0 = Release|Any CPU
		{36396EA7-E70F-4BC1-89A4-12B626344ACC}.Debug|Any CPU.ActiveCfg = Debug|Any CPU
		{36396EA7-E70F-4BC1-89A4-12B626344ACC}.Debug|Any CPU.Build.0 = Debug|Any CPU
		{36396EA7-E70F-4BC1-89A4-12B626344ACC}.Release|Any CPU.ActiveCfg = Release|Any CPU
		{36396EA7-E70F-4BC1-89A4-12B626344ACC}.Release|Any CPU.Build.0 = Release|Any CPU
	EndGlobalSection
	GlobalSection(SolutionProperties) = preSolution
		HideSolutionNode = FALSE
	EndGlobalSection
	GlobalSection(ExtensibilityGlobals) = postSolution
		SolutionGuid = {523CE5CD-DFFB-497F-8964-17631A997475}
	EndGlobalSection
EndGlobal
